
Microsoft Visual Studio Solution File, Format Version 12.00
# Visual Studio Version 17
VisualStudioVersion = 17.12.35527.113
MinimumVisualStudioVersion = 10.0.40219.1
Project("{FAE04EC0-301F-11D3-BF4B-00C04F79EFBC}") = "WpfExplore", "WpfExplore\WpfExplore.csproj", "{13F44BE4-7680-44E3-A2C4-7A62CAC37A1C}"
EndProject
Project("{FAE04EC0-301F-11D3-BF4B-00C04F79EFBC}") = "WpfExplore.Support", "WpfExplore.Support\WpfExplore.Support.csproj", "{ED026806-6556-4E82-9498-F2988D112990}"
EndProject
Global
	GlobalSection(SolutionConfigurationPlatforms) = preSolution
		Debug|Any CPU = Debug|Any CPU
		Release|Any CPU = Release|Any CPU
	EndGlobalSection
	GlobalSection(ProjectConfigurationPlatforms) = postSolution
		{13F44BE4-7680-44E3-A2C4-7A62CAC37A1C}.Debug|Any CPU.ActiveCfg = Debug|Any CPU
		{13F44BE4-7680-44E3-A2C4-7A62CAC37A1C}.Debug|Any CPU.Build.0 = Debug|Any CPU
		{13F44BE4-7680-44E3-A2C4-7A62CAC37A1C}.Release|Any CPU.ActiveCfg = Release|Any CPU
		{13F44BE4-7680-44E3-A2C4-7A62CAC37A1C}.Release|Any CPU.Build.0 = Release|Any CPU
		{ED026806-6556-4E82-9498-F2988D112990}.Debug|Any CPU.ActiveCfg = Debug|Any CPU
		{ED026806-6556-4E82-9498-F2988D112990}.Debug|Any CPU.Build.0 = Debug|Any CPU
		{ED026806-6556-4E82-9498-F2988D112990}.Release|Any CPU.ActiveCfg = Release|Any CPU
		{ED026806-6556-4E82-9498-F2988D112990}.Release|Any CPU.Build.0 = Release|Any CPU
	EndGlobalSection
	GlobalSection(SolutionProperties) = preSolution
		HideSolutionNode = FALSE
	EndGlobalSection
EndGlobal
